
Microsoft Visual Studio Solution File, Format Version 12.00
# Visual Studio Version 17
VisualStudioVersion = 17.14.36203.30
MinimumVisualStudioVersion = 10.0.40219.1
Project("{FAE04EC0-301F-11D3-BF4B-00C04F79EFBC}") = "Otzarnik", "Otzarnik\Otzarnik.csproj", "{4348DC8E-6666-4E06-BB5E-7292D24D924D}"
EndProject
Project("{FAE04EC0-301F-11D3-BF4B-00C04F79EFBC}") = "OtzarnikLib", "OtzarnikLib\OtzarnikLib.csproj", "{960FD04C-0FAF-49CF-99F5-764444AAB544}"
EndProject
Project("{FAE04EC0-301F-11D3-BF4B-00C04F79EFBC}") = "WpfLib", "..\WpfLib\WpfLib\WpfLib.csproj", "{494B02C1-54F2-4244-9A90-23C9984970E7}"
EndProject
Global
	GlobalSection(SolutionConfigurationPlatforms) = preSolution
		Debug|Any CPU = Debug|Any CPU
		Release|Any CPU = Release|Any CPU
	EndGlobalSection
	GlobalSection(ProjectConfigurationPlatforms) = postSolution
		{4348DC8E-6666-4E06-BB5E-7292D24D924D}.Debug|Any CPU.ActiveCfg = Debug|Any CPU
		{4348DC8E-6666-4E06-BB5E-7292D24D924D}.Debug|Any CPU.Build.0 = Debug|Any CPU
		{4348DC8E-6666-4E06-BB5E-7292D24D924D}.Release|Any CPU.ActiveCfg = Release|Any CPU
		{4348DC8E-6666-4E06-BB5E-7292D24D924D}.Release|Any CPU.Build.0 = Release|Any CPU
		{960FD04C-0FAF-49CF-99F5-764444AAB544}.Debug|Any CPU.ActiveCfg = Debug|Any CPU
		{960FD04C-0FAF-49CF-99F5-764444AAB544}.Debug|Any CPU.Build.0 = Debug|Any CPU
		{960FD04C-0FAF-49CF-99F5-764444AAB544}.Release|Any CPU.ActiveCfg = Release|Any CPU
		{960FD04C-0FAF-49CF-99F5-764444AAB544}.Release|Any CPU.Build.0 = Release|Any CPU
		{494B02C1-54F2-4244-9A90-23C9984970E7}.Debug|Any CPU.ActiveCfg = Debug|Any CPU
		{494B02C1-54F2-4244-9A90-23C9984970E7}.Debug|Any CPU.Build.0 = Debug|Any CPU
		{494B02C1-54F2-4244-9A90-23C9984970E7}.Release|Any CPU.ActiveCfg = Release|Any CPU
		{494B02C1-54F2-4244-9A90-23C9984970E7}.Release|Any CPU.Build.0 = Release|Any CPU
	EndGlobalSection
	GlobalSection(SolutionProperties) = preSolution
		HideSolutionNode = FALSE
	EndGlobalSection
	GlobalSection(ExtensibilityGlobals) = postSolution
		SolutionGuid = {4AE630F1-1D65-438A-9A14-86597EF1E004}
	EndGlobalSection
EndGlobal
